
Microsoft Visual Studio Solution File, Format Version 12.00
# Visual Studio Version 17
VisualStudioVersion = 17.8.34330.188
MinimumVisualStudioVersion = 10.0.40219.1
Project("{9A19103F-16F7-4668-BE54-9A1E7A4F7556}") = "eim-task.Server", "eim-task.Server\eim-task.Server.csproj", "{D5CD6EF3-5FBD-4C49-B873-DDC95F3139BE}"
EndProject
Project("{54A90642-561A-4BB1-A94E-469ADEE60C69}") = "eim-task.client", "eim-task.client\eim-task.client.esproj", "{96CCDA07-C070-4511-9BD0-1B442DC8E039}"
EndProject
Global
	GlobalSection(SolutionConfigurationPlatforms) = preSolution
		Debug|Any CPU = Debug|Any CPU
		Release|Any CPU = Release|Any CPU
	EndGlobalSection
	GlobalSection(ProjectConfigurationPlatforms) = postSolution
		{D5CD6EF3-5FBD-4C49-B873-DDC95F3139BE}.Debug|Any CPU.ActiveCfg = Debug|Any CPU
		{D5CD6EF3-5FBD-4C49-B873-DDC95F3139BE}.Debug|Any CPU.Build.0 = Debug|Any CPU
		{D5CD6EF3-5FBD-4C49-B873-DDC95F3139BE}.Release|Any CPU.ActiveCfg = Release|Any CPU
		{D5CD6EF3-5FBD-4C49-B873-DDC95F3139BE}.Release|Any CPU.Build.0 = Release|Any CPU
		{96CCDA07-C070-4511-9BD0-1B442DC8E039}.Debug|Any CPU.ActiveCfg = Debug|Any CPU
		{96CCDA07-C070-4511-9BD0-1B442DC8E039}.Debug|Any CPU.Build.0 = Debug|Any CPU
		{96CCDA07-C070-4511-9BD0-1B442DC8E039}.Debug|Any CPU.Deploy.0 = Debug|Any CPU
		{96CCDA07-C070-4511-9BD0-1B442DC8E039}.Release|Any CPU.ActiveCfg = Release|Any CPU
		{96CCDA07-C070-4511-9BD0-1B442DC8E039}.Release|Any CPU.Build.0 = Release|Any CPU
		{96CCDA07-C070-4511-9BD0-1B442DC8E039}.Release|Any CPU.Deploy.0 = Release|Any CPU
	EndGlobalSection
	GlobalSection(SolutionProperties) = preSolution
		HideSolutionNode = FALSE
	EndGlobalSection
	GlobalSection(ExtensibilityGlobals) = postSolution
		SolutionGuid = {64B39340-0899-4DDD-AA59-CC565DF195AD}
	EndGlobalSection
EndGlobal
